
Microsoft Visual Studio Solution File, Format Version 12.00
# Visual Studio Version 17
VisualStudioVersion = 17.5.002.0
MinimumVisualStudioVersion = 10.0.40219.1
Project("{9A19103F-16F7-4668-BE54-9A1E7A4F7556}") = "TDDProject", "TDDProject\TDDProject.csproj", "{D28CD70D-0D4F-4B35-BD89-4E342F3BAEBF}"
EndProject
Project("{FAE04EC0-301F-11D3-BF4B-00C04F79EFBC}") = "TDDProject.Tests", "TDDProject.Tests\TDDProject.Tests.csproj", "{EC208261-619B-4909-B342-0E2BD5588355}"
EndProject
Global
	GlobalSection(SolutionConfigurationPlatforms) = preSolution
		Debug|Any CPU = Debug|Any CPU
		Release|Any CPU = Release|Any CPU
	EndGlobalSection
	GlobalSection(ProjectConfigurationPlatforms) = postSolution
		{D28CD70D-0D4F-4B35-BD89-4E342F3BAEBF}.Debug|Any CPU.ActiveCfg = Debug|Any CPU
		{D28CD70D-0D4F-4B35-BD89-4E342F3BAEBF}.Debug|Any CPU.Build.0 = Debug|Any CPU
		{D28CD70D-0D4F-4B35-BD89-4E342F3BAEBF}.Release|Any CPU.ActiveCfg = Release|Any CPU
		{D28CD70D-0D4F-4B35-BD89-4E342F3BAEBF}.Release|Any CPU.Build.0 = Release|Any CPU
		{EC208261-619B-4909-B342-0E2BD5588355}.Debug|Any CPU.ActiveCfg = Debug|Any CPU
		{EC208261-619B-4909-B342-0E2BD5588355}.Debug|Any CPU.Build.0 = Debug|Any CPU
		{EC208261-619B-4909-B342-0E2BD5588355}.Release|Any CPU.ActiveCfg = Release|Any CPU
		{EC208261-619B-4909-B342-0E2BD5588355}.Release|Any CPU.Build.0 = Release|Any CPU
	EndGlobalSection
	GlobalSection(SolutionProperties) = preSolution
		HideSolutionNode = FALSE
	EndGlobalSection
	GlobalSection(ExtensibilityGlobals) = postSolution
		SolutionGuid = {FD745257-94BC-4A43-B690-E935518B56B0}
	EndGlobalSection
EndGlobal
