
Microsoft Visual Studio Solution File, Format Version 12.00
# Visual Studio Version 17
VisualStudioVersion = 17.5.002.0
MinimumVisualStudioVersion = 10.0.40219.1
Project("{9A19103F-16F7-4668-BE54-9A1E7A4F7556}") = "Abstracao", "Abstracao.csproj", "{4B07B41E-514C-4E3C-BB40-F634A371D1BE}"
EndProject
Global
	GlobalSection(SolutionConfigurationPlatforms) = preSolution
		Debug|Any CPU = Debug|Any CPU
		Release|Any CPU = Release|Any CPU
	EndGlobalSection
	GlobalSection(ProjectConfigurationPlatforms) = postSolution
		{4B07B41E-514C-4E3C-BB40-F634A371D1BE}.Debug|Any CPU.ActiveCfg = Debug|Any CPU
		{4B07B41E-514C-4E3C-BB40-F634A371D1BE}.Debug|Any CPU.Build.0 = Debug|Any CPU
		{4B07B41E-514C-4E3C-BB40-F634A371D1BE}.Release|Any CPU.ActiveCfg = Release|Any CPU
		{4B07B41E-514C-4E3C-BB40-F634A371D1BE}.Release|Any CPU.Build.0 = Release|Any CPU
	EndGlobalSection
	GlobalSection(SolutionProperties) = preSolution
		HideSolutionNode = FALSE
	EndGlobalSection
	GlobalSection(ExtensibilityGlobals) = postSolution
		SolutionGuid = {9A5EBE4B-95E9-4585-87F1-3FB9CC3C9C63}
	EndGlobalSection
EndGlobal
