
Microsoft Visual Studio Solution File, Format Version 12.00
# Visual Studio Version 17
VisualStudioVersion = 17.5.002.0
MinimumVisualStudioVersion = 10.0.40219.1
Project("{9A19103F-16F7-4668-BE54-9A1E7A4F7556}") = "Api", "Api.csproj", "{79B8A75B-EBD7-41F7-AAC9-DE69C95B6DA6}"
EndProject
Global
	GlobalSection(SolutionConfigurationPlatforms) = preSolution
		Debug|Any CPU = Debug|Any CPU
		Release|Any CPU = Release|Any CPU
	EndGlobalSection
	GlobalSection(ProjectConfigurationPlatforms) = postSolution
		{79B8A75B-EBD7-41F7-AAC9-DE69C95B6DA6}.Debug|Any CPU.ActiveCfg = Debug|Any CPU
		{79B8A75B-EBD7-41F7-AAC9-DE69C95B6DA6}.Debug|Any CPU.Build.0 = Debug|Any CPU
		{79B8A75B-EBD7-41F7-AAC9-DE69C95B6DA6}.Release|Any CPU.ActiveCfg = Release|Any CPU
		{79B8A75B-EBD7-41F7-AAC9-DE69C95B6DA6}.Release|Any CPU.Build.0 = Release|Any CPU
	EndGlobalSection
	GlobalSection(SolutionProperties) = preSolution
		HideSolutionNode = FALSE
	EndGlobalSection
	GlobalSection(ExtensibilityGlobals) = postSolution
		SolutionGuid = {64F713C1-DA3F-40EC-99F9-1819A8639286}
	EndGlobalSection
EndGlobal
