
Microsoft Visual Studio Solution File, Format Version 12.00
# Visual Studio Version 17
VisualStudioVersion = 17.5.002.0
MinimumVisualStudioVersion = 10.0.40219.1
Project("{9A19103F-16F7-4668-BE54-9A1E7A4F7556}") = "ExemploTuplas", "ExemploTuplas.csproj", "{EB8A1AE3-358B-430A-8146-EDF8F51167CB}"
EndProject
Global
	GlobalSection(SolutionConfigurationPlatforms) = preSolution
		Debug|Any CPU = Debug|Any CPU
		Release|Any CPU = Release|Any CPU
	EndGlobalSection
	GlobalSection(ProjectConfigurationPlatforms) = postSolution
		{EB8A1AE3-358B-430A-8146-EDF8F51167CB}.Debug|Any CPU.ActiveCfg = Debug|Any CPU
		{EB8A1AE3-358B-430A-8146-EDF8F51167CB}.Debug|Any CPU.Build.0 = Debug|Any CPU
		{EB8A1AE3-358B-430A-8146-EDF8F51167CB}.Release|Any CPU.ActiveCfg = Release|Any CPU
		{EB8A1AE3-358B-430A-8146-EDF8F51167CB}.Release|Any CPU.Build.0 = Release|Any CPU
	EndGlobalSection
	GlobalSection(SolutionProperties) = preSolution
		HideSolutionNode = FALSE
	EndGlobalSection
	GlobalSection(ExtensibilityGlobals) = postSolution
		SolutionGuid = {D1116B68-77EF-4C65-A742-B5306408DD0D}
	EndGlobalSection
EndGlobal
